<?xml version="1.0" encoding="utf-8"?>
<Project ToolsVersion="4.0" xmlns="http://schemas.microsoft.com/developer/msbuild/2003">
  <ItemGroup>
    <Filter Include="Source Files">
      <UniqueIdentifier>{4FC737F1-C7A5-4376-A066-2A32D752A2FF}</UniqueIdentifier>
      <Extensions>cpp;c;cc;cxx;c++;cppm;ixx;def;odl;idl;hpj;bat;asm;asmx</Extensions>
    </Filter>
    <Filter Include="Header Files">
      <UniqueIdentifier>{93995380-89BD-4b04-88EB-625FBE52EBFB}</UniqueIdentifier>
      <Extensions>h;hh;hpp;hxx;h++;hm;inl;inc;ipp;xsd</Extensions>
    </Filter>
    <Filter Include="Map">
      <UniqueIdentifier>{c3a85323-7ad4-472e-ad2f-247b21ce8694}</UniqueIdentifier>
    </Filter>
    <Filter Include="Enemies">
      <UniqueIdentifier>{7c7b57d0-229e-4076-971c-f2a4bb99ca2c}</UniqueIdentifier>
    </Filter>
    <Filter Include="Game elements">
      <UniqueIdentifier>{e72252b3-673c-409d-b086-fce443004a70}</UniqueIdentifier>
    </Filter>
    <Filter Include="States">
      <UniqueIdentifier>{f8840f43-d3d1-4b52-aded-4b0586250e69}</UniqueIdentifier>
    </Filter>
    <Filter Include="Audio">
      <UniqueIdentifier>{e1ebb230-12c7-4d40-ada6-91ab0cbdb3cd}</UniqueIdentifier>
    </Filter>
    <Filter Include="Player related">
      <UniqueIdentifier>{89754ce3-25b1-4d9c-9734-2de8b094591c}</UniqueIdentifier>
    </Filter>
  </ItemGroup>
  <ItemGroup>
    <ClCompile Include="stdafx.cpp">
      <Filter>Source Files</Filter>
    </ClCompile>
    <ClCompile Include="main.cpp">
      <Filter>Source Files</Filter>
    </ClCompile>
    <ClCompile Include="TileMap.cpp">
      <Filter>Map</Filter>
    </ClCompile>
    <ClCompile Include="Tile.cpp">
      <Filter>Map</Filter>
    </ClCompile>
    <ClCompile Include="Enemy_Fire.cpp">
      <Filter>Enemies</Filter>
    </ClCompile>
    <ClCompile Include="Enemy.cpp">
      <Filter>Enemies</Filter>
    </ClCompile>
    <ClCompile Include="Gui.cpp">
      <Filter>Game elements</Filter>
    </ClCompile>
    <ClCompile Include="Game.cpp">
      <Filter>Game elements</Filter>
    </ClCompile>
    <ClCompile Include="MainMenu.cpp">
      <Filter>States</Filter>
    </ClCompile>
    <ClCompile Include="MenuBox.cpp">
      <Filter>States</Filter>
    </ClCompile>
    <ClCompile Include="SubMenu.cpp">
      <Filter>States</Filter>
    </ClCompile>
    <ClCompile Include="CreditsWindow.cpp">
      <Filter>States</Filter>
    </ClCompile>
    <ClCompile Include="HighScoreWindow.cpp">
      <Filter>States</Filter>
    </ClCompile>
    <ClCompile Include="SongPlayer.cpp">
      <Filter>Audio</Filter>
    </ClCompile>
    <ClCompile Include="TextFileManager.cpp">
      <Filter>Game elements</Filter>
    </ClCompile>
    <ClCompile Include="Pickup.cpp">
      <Filter>Player related</Filter>
    </ClCompile>
    <ClCompile Include="Bullet.cpp">
      <Filter>Player related</Filter>
    </ClCompile>
    <ClCompile Include="Player.cpp">
      <Filter>Player related</Filter>
    </ClCompile>
  </ItemGroup>
  <ItemGroup>
    <ClInclude Include="Tile.h">
      <Filter>Map</Filter>
    </ClInclude>
    <ClInclude Include="TileMap.h">
      <Filter>Map</Filter>
    </ClInclude>
    <ClInclude Include="Enemy_Fire.h">
      <Filter>Enemies</Filter>
    </ClInclude>
    <ClInclude Include="Enemy.h">
      <Filter>Enemies</Filter>
    </ClInclude>
    <ClInclude Include="Gui.h">
      <Filter>Game elements</Filter>
    </ClInclude>
    <ClInclude Include="Game.h">
      <Filter>Game elements</Filter>
    </ClInclude>
    <ClInclude Include="MainMenu.h">
      <Filter>States</Filter>
    </ClInclude>
    <ClInclude Include="MenuBox.h">
      <Filter>States</Filter>
    </ClInclude>
    <ClInclude Include="SubMenu.h">
      <Filter>States</Filter>
    </ClInclude>
    <ClInclude Include="CreditsWindow.h">
      <Filter>States</Filter>
    </ClInclude>
    <ClInclude Include="HighScoreWindow.h">
      <Filter>States</Filter>
    </ClInclude>
    <ClInclude Include="SongPlayer.h">
      <Filter>Audio</Filter>
    </ClInclude>
    <ClInclude Include="TextFileManager.h">
      <Filter>Game elements</Filter>
    </ClInclude>
    <ClInclude Include="Player.h">
      <Filter>Player related</Filter>
    </ClInclude>
    <ClInclude Include="Pickup.h">
      <Filter>Player related</Filter>
    </ClInclude>
    <ClInclude Include="Bullet.h">
      <Filter>Player related</Filter>
    </ClInclude>
    <ClInclude Include="stdafx.h">
      <Filter>Source Files</Filter>
    </ClInclude>
  </ItemGroup>
</Project>